
Microsoft Visual Studio Solution File, Format Version 12.00
# Visual Studio Version 17
VisualStudioVersion = 17.6.33815.320
MinimumVisualStudioVersion = 10.0.40219.1
Project("{FAE04EC0-301F-11D3-BF4B-00C04F79EFBC}") = "uihandler", "uihandler\uihandler.csproj", "{040630FC-B7FB-4D98-B16D-D7EF0F55C261}"
EndProject
Project("{FAE04EC0-301F-11D3-BF4B-00C04F79EFBC}") = "HTTPServer", "HTTPServer\HTTPServer.csproj", "{2B0D6445-A97E-47F2-A9D1-C05FE4137A4E}"
EndProject
Project("{FAE04EC0-301F-11D3-BF4B-00C04F79EFBC}") = "TestHTTPServer", "TestHTTPServer\TestHTTPServer.csproj", "{FCABB4B2-8D37-4CC5-AE45-D997F9D72BA7}"
EndProject
Global
	GlobalSection(SolutionConfigurationPlatforms) = preSolution
		Debug|Any CPU = Debug|Any CPU
		Release|Any CPU = Release|Any CPU
	EndGlobalSection
	GlobalSection(ProjectConfigurationPlatforms) = postSolution
		{040630FC-B7FB-4D98-B16D-D7EF0F55C261}.Debug|Any CPU.ActiveCfg = Debug|Any CPU
		{040630FC-B7FB-4D98-B16D-D7EF0F55C261}.Debug|Any CPU.Build.0 = Debug|Any CPU
		{040630FC-B7FB-4D98-B16D-D7EF0F55C261}.Release|Any CPU.ActiveCfg = Release|Any CPU
		{040630FC-B7FB-4D98-B16D-D7EF0F55C261}.Release|Any CPU.Build.0 = Release|Any CPU
		{2B0D6445-A97E-47F2-A9D1-C05FE4137A4E}.Debug|Any CPU.ActiveCfg = Debug|Any CPU
		{2B0D6445-A97E-47F2-A9D1-C05FE4137A4E}.Debug|Any CPU.Build.0 = Debug|Any CPU
		{2B0D6445-A97E-47F2-A9D1-C05FE4137A4E}.Release|Any CPU.ActiveCfg = Release|Any CPU
		{2B0D6445-A97E-47F2-A9D1-C05FE4137A4E}.Release|Any CPU.Build.0 = Release|Any CPU
		{FCABB4B2-8D37-4CC5-AE45-D997F9D72BA7}.Debug|Any CPU.ActiveCfg = Debug|Any CPU
		{FCABB4B2-8D37-4CC5-AE45-D997F9D72BA7}.Debug|Any CPU.Build.0 = Debug|Any CPU
		{FCABB4B2-8D37-4CC5-AE45-D997F9D72BA7}.Release|Any CPU.ActiveCfg = Release|Any CPU
		{FCABB4B2-8D37-4CC5-AE45-D997F9D72BA7}.Release|Any CPU.Build.0 = Release|Any CPU
	EndGlobalSection
	GlobalSection(SolutionProperties) = preSolution
		HideSolutionNode = FALSE
	EndGlobalSection
	GlobalSection(ExtensibilityGlobals) = postSolution
		SolutionGuid = {32FE2BE2-0D13-4085-89A0-BCA858F66B50}
	EndGlobalSection
EndGlobal
